lockfileVersion: '9.0'

settings:
  autoInstallPeers: true
  excludeLinksFromLockfile: false

importers:

  .:
    dependencies:
      jiti:
        specifier: ^2.4.1
        version: 2.4.1

packages:

  jiti@2.4.1:
    resolution: {integrity: sha512-yPBThwecp1wS9DmoA4x4KR2h3QoslacnDR8ypuFM962kI4/456Iy1oHx2RAgh4jfZNdn0bctsdadceiBUgpU1g==}
    hasBin: true

snapshots:

  jiti@2.4.1: {}
